
Microsoft Visual Studio Solution File, Format Version 12.00
# Visual Studio 15
VisualStudioVersion = 15.0.28307.329
MinimumVisualStudioVersion = 10.0.40219.1
Project("{9A19103F-16F7-4668-BE54-9A1E7A4F7556}") = "Iterators and Comparators", "Iterators and Comparators\Iterators and Comparators.csproj", "{B8B7214D-484C-48DB-AF05-C147AA2A4245}"
EndProject
Project("{9A19103F-16F7-4668-BE54-9A1E7A4F7556}") = "LibraryIterator", "LibraryIterator\LibraryIterator.csproj", "{2131C511-F2F4-4C46-9221-88513B72F401}"
EndProject
Project("{9A19103F-16F7-4668-BE54-9A1E7A4F7556}") = "ComparableBook", "ComparableBook\ComparableBook.csproj", "{1A108D84-8BA8-4DD7-A5E2-D4161F13D31F}"
EndProject
Project("{9A19103F-16F7-4668-BE54-9A1E7A4F7556}") = "BookComparator", "BookComparator\BookComparator.csproj", "{4881F1E9-9A2F-4403-BA61-FBD29991E8D8}"
EndProject
Project("{FAE04EC0-301F-11D3-BF4B-00C04F79EFBC}") = "ListyIterator", "ListyIterator\ListyIterator.csproj", "{558F692E-AD42-4DAD-AF40-35C7ABC4ABD4}"
EndProject
Global
	GlobalSection(SolutionConfigurationPlatforms) = preSolution
		Debug|Any CPU = Debug|Any CPU
		Release|Any CPU = Release|Any CPU
	EndGlobalSection
	GlobalSection(ProjectConfigurationPlatforms) = postSolution
		{B8B7214D-484C-48DB-AF05-C147AA2A4245}.Debug|Any CPU.ActiveCfg = Debug|Any CPU
		{B8B7214D-484C-48DB-AF05-C147AA2A4245}.Debug|Any CPU.Build.0 = Debug|Any CPU
		{B8B7214D-484C-48DB-AF05-C147AA2A4245}.Release|Any CPU.ActiveCfg = Release|Any CPU
		{B8B7214D-484C-48DB-AF05-C147AA2A4245}.Release|Any CPU.Build.0 = Release|Any CPU
		{2131C511-F2F4-4C46-9221-88513B72F401}.Debug|Any CPU.ActiveCfg = Debug|Any CPU
		{2131C511-F2F4-4C46-9221-88513B72F401}.Debug|Any CPU.Build.0 = Debug|Any CPU
		{2131C511-F2F4-4C46-9221-88513B72F401}.Release|Any CPU.ActiveCfg = Release|Any CPU
		{2131C511-F2F4-4C46-9221-88513B72F401}.Release|Any CPU.Build.0 = Release|Any CPU
		{1A108D84-8BA8-4DD7-A5E2-D4161F13D31F}.Debug|Any CPU.ActiveCfg = Debug|Any CPU
		{1A108D84-8BA8-4DD7-A5E2-D4161F13D31F}.Debug|Any CPU.Build.0 = Debug|Any CPU
		{1A108D84-8BA8-4DD7-A5E2-D4161F13D31F}.Release|Any CPU.ActiveCfg = Release|Any CPU
		{1A108D84-8BA8-4DD7-A5E2-D4161F13D31F}.Release|Any CPU.Build.0 = Release|Any CPU
		{4881F1E9-9A2F-4403-BA61-FBD29991E8D8}.Debug|Any CPU.ActiveCfg = Debug|Any CPU
		{4881F1E9-9A2F-4403-BA61-FBD29991E8D8}.Debug|Any CPU.Build.0 = Debug|Any CPU
		{4881F1E9-9A2F-4403-BA61-FBD29991E8D8}.Release|Any CPU.ActiveCfg = Release|Any CPU
		{4881F1E9-9A2F-4403-BA61-FBD29991E8D8}.Release|Any CPU.Build.0 = Release|Any CPU
		{558F692E-AD42-4DAD-AF40-35C7ABC4ABD4}.Debug|Any CPU.ActiveCfg = Debug|Any CPU
		{558F692E-AD42-4DAD-AF40-35C7ABC4ABD4}.Debug|Any CPU.Build.0 = Debug|Any CPU
		{558F692E-AD42-4DAD-AF40-35C7ABC4ABD4}.Release|Any CPU.ActiveCfg = Release|Any CPU
		{558F692E-AD42-4DAD-AF40-35C7ABC4ABD4}.Release|Any CPU.Build.0 = Release|Any CPU
	EndGlobalSection
	GlobalSection(SolutionProperties) = preSolution
		HideSolutionNode = FALSE
	EndGlobalSection
	GlobalSection(ExtensibilityGlobals) = postSolution
		SolutionGuid = {F9F898BD-1612-429F-B32C-920B73E13B36}
	EndGlobalSection
EndGlobal
