
Microsoft Visual Studio Solution File, Format Version 12.00
# Visual Studio 15
VisualStudioVersion = 15.0.28307.329
MinimumVisualStudioVersion = 10.0.40219.1
Project("{FAE04EC0-301F-11D3-BF4B-00C04F79EFBC}") = "Basic Algoritms", "Basic Algoritms\Basic Algoritms.csproj", "{65AD6B52-BD69-4D2F-9C7A-A418BB45B167}"
EndProject
Project("{FAE04EC0-301F-11D3-BF4B-00C04F79EFBC}") = "RecursiveReversingArray", "RecursiveReversingArray\RecursiveReversingArray.csproj", "{66F53ABF-627F-4FB7-BE87-C148A2AB963C}"
EndProject
Project("{FAE04EC0-301F-11D3-BF4B-00C04F79EFBC}") = "NestedLoop", "NestedLoop\NestedLoop.csproj", "{D6285EB0-371A-4828-8607-253F48827EB0}"
EndProject
Global
	GlobalSection(SolutionConfigurationPlatforms) = preSolution
		Debug|Any CPU = Debug|Any CPU
		Release|Any CPU = Release|Any CPU
	EndGlobalSection
	GlobalSection(ProjectConfigurationPlatforms) = postSolution
		{65AD6B52-BD69-4D2F-9C7A-A418BB45B167}.Debug|Any CPU.ActiveCfg = Debug|Any CPU
		{65AD6B52-BD69-4D2F-9C7A-A418BB45B167}.Debug|Any CPU.Build.0 = Debug|Any CPU
		{65AD6B52-BD69-4D2F-9C7A-A418BB45B167}.Release|Any CPU.ActiveCfg = Release|Any CPU
		{65AD6B52-BD69-4D2F-9C7A-A418BB45B167}.Release|Any CPU.Build.0 = Release|Any CPU
		{66F53ABF-627F-4FB7-BE87-C148A2AB963C}.Debug|Any CPU.ActiveCfg = Debug|Any CPU
		{66F53ABF-627F-4FB7-BE87-C148A2AB963C}.Debug|Any CPU.Build.0 = Debug|Any CPU
		{66F53ABF-627F-4FB7-BE87-C148A2AB963C}.Release|Any CPU.ActiveCfg = Release|Any CPU
		{66F53ABF-627F-4FB7-BE87-C148A2AB963C}.Release|Any CPU.Build.0 = Release|Any CPU
		{D6285EB0-371A-4828-8607-253F48827EB0}.Debug|Any CPU.ActiveCfg = Debug|Any CPU
		{D6285EB0-371A-4828-8607-253F48827EB0}.Debug|Any CPU.Build.0 = Debug|Any CPU
		{D6285EB0-371A-4828-8607-253F48827EB0}.Release|Any CPU.ActiveCfg = Release|Any CPU
		{D6285EB0-371A-4828-8607-253F48827EB0}.Release|Any CPU.Build.0 = Release|Any CPU
	EndGlobalSection
	GlobalSection(SolutionProperties) = preSolution
		HideSolutionNode = FALSE
	EndGlobalSection
	GlobalSection(ExtensibilityGlobals) = postSolution
		SolutionGuid = {8DC63785-7893-4467-BF24-4AF427790C1E}
	EndGlobalSection
EndGlobal
