
Microsoft Visual Studio Solution File, Format Version 12.00
# Visual Studio 15
VisualStudioVersion = 15.0.28307.329
MinimumVisualStudioVersion = 10.0.40219.1
Project("{FAE04EC0-301F-11D3-BF4B-00C04F79EFBC}") = "FinalExam", "FinalExam\FinalExam.csproj", "{BB3CD164-4F95-485C-B421-71D2384C24B5}"
EndProject
Project("{FAE04EC0-301F-11D3-BF4B-00C04F79EFBC}") = "P01", "P01\P01.csproj", "{9B9E2F9D-B72B-4540-83C3-A7CFBF5CC4B1}"
EndProject
Project("{FAE04EC0-301F-11D3-BF4B-00C04F79EFBC}") = "P02", "P02\P02.csproj", "{1B4B0BF6-276E-4813-A87E-2B442C3ED8CF}"
EndProject
Global
	GlobalSection(SolutionConfigurationPlatforms) = preSolution
		Debug|Any CPU = Debug|Any CPU
		Release|Any CPU = Release|Any CPU
	EndGlobalSection
	GlobalSection(ProjectConfigurationPlatforms) = postSolution
		{BB3CD164-4F95-485C-B421-71D2384C24B5}.Debug|Any CPU.ActiveCfg = Debug|Any CPU
		{BB3CD164-4F95-485C-B421-71D2384C24B5}.Debug|Any CPU.Build.0 = Debug|Any CPU
		{BB3CD164-4F95-485C-B421-71D2384C24B5}.Release|Any CPU.ActiveCfg = Release|Any CPU
		{BB3CD164-4F95-485C-B421-71D2384C24B5}.Release|Any CPU.Build.0 = Release|Any CPU
		{9B9E2F9D-B72B-4540-83C3-A7CFBF5CC4B1}.Debug|Any CPU.ActiveCfg = Debug|Any CPU
		{9B9E2F9D-B72B-4540-83C3-A7CFBF5CC4B1}.Debug|Any CPU.Build.0 = Debug|Any CPU
		{9B9E2F9D-B72B-4540-83C3-A7CFBF5CC4B1}.Release|Any CPU.ActiveCfg = Release|Any CPU
		{9B9E2F9D-B72B-4540-83C3-A7CFBF5CC4B1}.Release|Any CPU.Build.0 = Release|Any CPU
		{1B4B0BF6-276E-4813-A87E-2B442C3ED8CF}.Debug|Any CPU.ActiveCfg = Debug|Any CPU
		{1B4B0BF6-276E-4813-A87E-2B442C3ED8CF}.Debug|Any CPU.Build.0 = Debug|Any CPU
		{1B4B0BF6-276E-4813-A87E-2B442C3ED8CF}.Release|Any CPU.ActiveCfg = Release|Any CPU
		{1B4B0BF6-276E-4813-A87E-2B442C3ED8CF}.Release|Any CPU.Build.0 = Release|Any CPU
	EndGlobalSection
	GlobalSection(SolutionProperties) = preSolution
		HideSolutionNode = FALSE
	EndGlobalSection
	GlobalSection(ExtensibilityGlobals) = postSolution
		SolutionGuid = {8A6F5E7E-80E8-46BD-9B08-7C730FC48DB9}
	EndGlobalSection
EndGlobal
